{"1.2.0",
[{<<"decimal">>,
  {git,"https://github.com/egobrain/decimal",
       {ref,"013c9dd7dae88a47d1289c572d9a9716775d1f15"}},
  0},
 {<<"esqlite">>,{pkg,<<"esqlite">>,<<"0.9.0">>},0},
 {<<"jsx">>,{pkg,<<"jsx">>,<<"3.1.0">>},0},
 {<<"yamerl">>,{pkg,<<"yamerl">>,<<"0.10.0">>},0}]}.
[
{pkg_hash,[
 {<<"esqlite">>, <<"23960E182234D0300F946066C6FA9F3E06951ABF2FD36E07F1FD18F40B8624E0">>},
 {<<"jsx">>, <<"D12516BAA0BB23A59BB35DCCAF02A1BD08243FCBB9EFE24F2D9D056CCFF71268">>},
 {<<"yamerl">>, <<"4FF81FEE2F1F6A46F1700C0D880B24D193DDB74BD14EF42CB0BCF46E81EF2F8E">>}]},
{pkg_hash_ext,[
 {<<"esqlite">>, <<"CCF72258A4EE152EC7AD92AA9A03552EB6CA1B06B65C93AD5B6E55C302E05855">>},
 {<<"jsx">>, <<"0C5CC8FDC11B53CC25CF65AC6705AD39E54ECC56D1C22E4ADB8F5A53FB9427F3">>},
 {<<"yamerl">>, <<"346ADB2963F1051DC837A2364E4ACF6EB7D80097C0F53CBDC3046EC8EC4B4E6E">>}]}
].
